// !$*UTF8*$!
{
	archiveVersion = 1;
	classes = {
	};
	objectVersion = 77;
	objects = {

/* Begin PBXBuildFile section */
		17E108C1301C2F8B00F1454B /* StoreKit.framework in Frameworks */ = {isa = PBXBuildFile; fileRef = 17E108C0301C2F8B00F1454B /* StoreKit.framework */; };
		17E108C3301C2F8B00F1454B /* Security.framework in Frameworks */ = {isa = PBXBuildFile; fileRef = 17E108C2301C2F8B00F1454B /* Security.framework */; };
		207C504D81A39E8CE97B7A69 /* libPods-Yoka.a in Frameworks */ = {isa = PBXBuildFile; fileRef = 6D1A0CF275480E607DEF50A1 /* libPods-Yoka.a */; };
/* End PBXBuildFile section */

/* Begin PBXFileReference section */
		178891243000847100C8CAD1 /* Yoka.app */ = {isa = PBXFileReference; explicitFileType = wrapper.application; includeInIndex = 0; path = Yoka.app; sourceTree = BUILT_PRODUCTS_DIR; };
		17E108C0301C2F8B00F1454B /* StoreKit.framework */ = {isa = PBXFileReference; lastKnownFileType = wrapper.framework; name = StoreKit.framework; path = System/Library/Frameworks/StoreKit.framework; sourceTree = SDKROOT; };
		17E108C2301C2F8B00F1454B /* Security.framework */ = {isa = PBXFileReference; lastKnownFileType = wrapper.framework; name = Security.framework; path = System/Library/Frameworks/Security.framework; sourceTree = SDKROOT; };
		17E108C4301C2F8B00F1454B /* YKHostedContentBase.xcconfig */ = {isa = PBXFileReference; lastKnownFileType = text.xcconfig; name = YKHostedContentBase.xcconfig; path = Yoka/Config/YKHostedContentBase.xcconfig; sourceTree = "<group>"; };
		17E108C5301C2F8B00F1454B /* YKHostedContentDebug.xcconfig */ = {isa = PBXFileReference; lastKnownFileType = text.xcconfig; name = YKHostedContentDebug.xcconfig; path = Yoka/Config/YKHostedContentDebug.xcconfig; sourceTree = "<group>"; };
		17E108C6301C2F8B00F1454B /* YKHostedContentRelease.xcconfig */ = {isa = PBXFileReference; lastKnownFileType = text.xcconfig; name = YKHostedContentRelease.xcconfig; path = Yoka/Config/YKHostedContentRelease.xcconfig; sourceTree = "<group>"; };
		6D1A0CF275480E607DEF50A1 /* libPods-Yoka.a */ = {isa = PBXFileReference; explicitFileType = archive.ar; includeInIndex = 0; path = "libPods-Yoka.a"; sourceTree = BUILT_PRODUCTS_DIR; };
		74106757AFF30787E676B62C /* Pods-Yoka.debug.xcconfig */ = {isa = PBXFileReference; includeInIndex = 1; lastKnownFileType = text.xcconfig; name = "Pods-Yoka.debug.xcconfig"; path = "Target Support Files/Pods-Yoka/Pods-Yoka.debug.xcconfig"; sourceTree = "<group>"; };
		E4F85F00666500F20B45221B /* Pods-Yoka.release.xcconfig */ = {isa = PBXFileReference; includeInIndex = 1; lastKnownFileType = text.xcconfig; name = "Pods-Yoka.release.xcconfig"; path = "Target Support Files/Pods-Yoka/Pods-Yoka.release.xcconfig"; sourceTree = "<group>"; };
/* End PBXFileReference section */

/* Begin PBXFileSystemSynchronizedBuildFileExceptionSet section */
		1788913B3000847300C8CAD1 /* Exceptions for "Yoka" folder in "Yoka" target */ = {
			isa = PBXFileSystemSynchronizedBuildFileExceptionSet;
			membershipExceptions = (
				App/Info.plist,
				Config/YKHostedContentBase.xcconfig,
				Config/YKHostedContentDebug.xcconfig,
				Config/YKHostedContentRelease.xcconfig,
			);
			target = 178891233000847100C8CAD1 /* Yoka */;
		};
/* End PBXFileSystemSynchronizedBuildFileExceptionSet section */

/* Begin PBXFileSystemSynchronizedRootGroup section */
		178891263000847100C8CAD1 /* Yoka */ = {
			isa = PBXFileSystemSynchronizedRootGroup;
			exceptions = (
				1788913B3000847300C8CAD1 /* Exceptions for "Yoka" folder in "Yoka" target */,
			);
			path = Yoka;
			sourceTree = "<group>";
		};
/* End PBXFileSystemSynchronizedRootGroup section */

/* Begin PBXFrameworksBuildPhase section */
		178891213000847100C8CAD1 /* Frameworks */ = {
			isa = PBXFrameworksBuildPhase;
			buildActionMask = 2147483647;
			files = (
				17E108C1301C2F8B00F1454B /* StoreKit.framework in Frameworks */,
				17E108C3301C2F8B00F1454B /* Security.framework in Frameworks */,
				207C504D81A39E8CE97B7A69 /* libPods-Yoka.a in Frameworks */,
			);
			runOnlyForDeploymentPostprocessing = 0;
		};
/* End PBXFrameworksBuildPhase section */

/* Begin PBXGroup section */
		1788911B3000847100C8CAD1 = {
			isa = PBXGroup;
			children = (
				178891263000847100C8CAD1 /* Yoka */,
				17E108C4301C2F8B00F1454B /* YKHostedContentBase.xcconfig */,
				17E108C5301C2F8B00F1454B /* YKHostedContentDebug.xcconfig */,
				17E108C6301C2F8B00F1454B /* YKHostedContentRelease.xcconfig */,
				17E108BF301C2F8B00F1454B /* Frameworks */,
				178891253000847100C8CAD1 /* Products */,
				1938BDE7D3710A8758591616 /* Pods */,
			);
			sourceTree = "<group>";
		};
		178891253000847100C8CAD1 /* Products */ = {
			isa = PBXGroup;
			children = (
				178891243000847100C8CAD1 /* Yoka.app */,
			);
			name = Products;
			sourceTree = "<group>";
		};
		17E108BF301C2F8B00F1454B /* Frameworks */ = {
			isa = PBXGroup;
			children = (
				17E108C0301C2F8B00F1454B /* StoreKit.framework */,
				17E108C2301C2F8B00F1454B /* Security.framework */,
				6D1A0CF275480E607DEF50A1 /* libPods-Yoka.a */,
			);
			name = Frameworks;
			sourceTree = "<group>";
		};
		1938BDE7D3710A8758591616 /* Pods */ = {
			isa = PBXGroup;
			children = (
				74106757AFF30787E676B62C /* Pods-Yoka.debug.xcconfig */,
				E4F85F00666500F20B45221B /* Pods-Yoka.release.xcconfig */,
			);
			path = Pods;
			sourceTree = "<group>";
		};
/* End PBXGroup section */

/* Begin PBXNativeTarget section */
		178891233000847100C8CAD1 /* Yoka */ = {
			isa = PBXNativeTarget;
			buildConfigurationList = 1788913C3000847300C8CAD1 /* Build configuration list for PBXNativeTarget "Yoka" */;
			buildPhases = (
				53F3BF4AABE7190A1DAC3636 /* [CP] Check Pods Manifest.lock */,
				178891203000847100C8CAD1 /* Sources */,
				178891213000847100C8CAD1 /* Frameworks */,
				178891223000847100C8CAD1 /* Resources */,
				57DD621BC596728F6116F0B2 /* [CP] Embed Pods Frameworks */,
				0373076BA2B7A1DFC61D35C7 /* [CP] Copy Pods Resources */,
			);
			buildRules = (
			);
			dependencies = (
			);
			fileSystemSynchronizedGroups = (
				178891263000847100C8CAD1 /* Yoka */,
			);
			name = Yoka;
			productName = Yoka;
			productReference = 178891243000847100C8CAD1 /* Yoka.app */;
			productType = "com.apple.product-type.application";
		};
/* End PBXNativeTarget section */

/* Begin PBXProject section */
		1788911C3000847100C8CAD1 /* Project object */ = {
			isa = PBXProject;
			attributes = {
				BuildIndependentTargetsInParallel = 1;
				LastUpgradeCheck = 2650;
				TargetAttributes = {
					178891233000847100C8CAD1 = {
						CreatedOnToolsVersion = 26.5;
						LastSwiftMigration = 2650;
					};
				};
			};
			buildConfigurationList = 1788911F3000847100C8CAD1 /* Build configuration list for PBXProject "Yoka" */;
			developmentRegion = en;
			hasScannedForEncodings = 0;
			knownRegions = (
				en,
				Base,
			);
			mainGroup = 1788911B3000847100C8CAD1;
			minimizedProjectReferenceProxies = 1;
			preferredProjectObjectVersion = 77;
			productRefGroup = 178891253000847100C8CAD1 /* Products */;
			projectDirPath = "";
			projectRoot = "";
			targets = (
				178891233000847100C8CAD1 /* Yoka */,
			);
		};
/* End PBXProject section */

/* Begin PBXResourcesBuildPhase section */
		178891223000847100C8CAD1 /* Resources */ = {
			isa = PBXResourcesBuildPhase;
			buildActionMask = 2147483647;
			files = (
			);
			runOnlyForDeploymentPostprocessing = 0;
		};
/* End PBXResourcesBuildPhase section */

/* Begin PBXShellScriptBuildPhase section */
		0373076BA2B7A1DFC61D35C7 /* [CP] Copy Pods Resources */ = {
			isa = PBXShellScriptBuildPhase;
			buildActionMask = 2147483647;
			files = (
			);
			inputFileListPaths = (
				"${PODS_ROOT}/Target Support Files/Pods-Yoka/Pods-Yoka-resources-${CONFIGURATION}-input-files.xcfilelist",
			);
			inputPaths = (
			);
			name = "[CP] Copy Pods Resources";
			outputFileListPaths = (
				"${PODS_ROOT}/Target Support Files/Pods-Yoka/Pods-Yoka-resources-${CONFIGURATION}-output-files.xcfilelist",
			);
			outputPaths = (
			);
			runOnlyForDeploymentPostprocessing = 0;
			shellPath = /bin/sh;
			shellScript = "\"${PODS_ROOT}/Target Support Files/Pods-Yoka/Pods-Yoka-resources.sh\"\n";
			showEnvVarsInLog = 0;
		};
		53F3BF4AABE7190A1DAC3636 /* [CP] Check Pods Manifest.lock */ = {
			isa = PBXShellScriptBuildPhase;
			buildActionMask = 2147483647;
			files = (
			);
			inputFileListPaths = (
			);
			inputPaths = (
				"${PODS_PODFILE_DIR_PATH}/Podfile.lock",
				"${PODS_ROOT}/Manifest.lock",
			);
			name = "[CP] Check Pods Manifest.lock";
			outputFileListPaths = (
			);
			outputPaths = (
				"$(DERIVED_FILE_DIR)/Pods-Yoka-checkManifestLockResult.txt",
			);
			runOnlyForDeploymentPostprocessing = 0;
			shellPath = /bin/sh;
			shellScript = "diff \"${PODS_PODFILE_DIR_PATH}/Podfile.lock\" \"${PODS_ROOT}/Manifest.lock\" > /dev/null\nif [ $? != 0 ] ; then\n    # print error to STDERR\n    echo \"error: The sandbox is not in sync with the Podfile.lock. Run 'pod install' or update your CocoaPods installation.\" >&2\n    exit 1\nfi\n# This output is used by Xcode 'outputs' to avoid re-running this script phase.\necho \"SUCCESS\" > \"${SCRIPT_OUTPUT_FILE_0}\"\n";
			showEnvVarsInLog = 0;
		};
		57DD621BC596728F6116F0B2 /* [CP] Embed Pods Frameworks */ = {
			isa = PBXShellScriptBuildPhase;
			buildActionMask = 2147483647;
			files = (
			);
			inputFileListPaths = (
				"${PODS_ROOT}/Target Support Files/Pods-Yoka/Pods-Yoka-frameworks-${CONFIGURATION}-input-files.xcfilelist",
			);
			inputPaths = (
			);
			name = "[CP] Embed Pods Frameworks";
			outputFileListPaths = (
				"${PODS_ROOT}/Target Support Files/Pods-Yoka/Pods-Yoka-frameworks-${CONFIGURATION}-output-files.xcfilelist",
			);
			outputPaths = (
			);
			runOnlyForDeploymentPostprocessing = 0;
			shellPath = /bin/sh;
			shellScript = "\"${PODS_ROOT}/Target Support Files/Pods-Yoka/Pods-Yoka-frameworks.sh\"\n";
			showEnvVarsInLog = 0;
		};
/* End PBXShellScriptBuildPhase section */

/* Begin PBXSourcesBuildPhase section */
		178891203000847100C8CAD1 /* Sources */ = {
			isa = PBXSourcesBuildPhase;
			buildActionMask = 2147483647;
			files = (
			);
			runOnlyForDeploymentPostprocessing = 0;
		};
/* End PBXSourcesBuildPhase section */

/* Begin XCBuildConfiguration section */
		1788913D3000847300C8CAD1 /* Debug */ = {
			isa = XCBuildConfiguration;
			baseConfigurationReference = 17E108C5301C2F8B00F1454B /* YKHostedContentDebug.xcconfig */;
			buildSettings = {
				ASSETCATALOG_COMPILER_APPICON_NAME = AppIcon;
				ASSETCATALOG_COMPILER_GLOBAL_ACCENT_COLOR_NAME = AccentColor;
				CLANG_ENABLE_MODULES = YES;
				CODE_SIGN_ENTITLEMENTS = Yoka/App/Yoka.entitlements;
				CODE_SIGN_IDENTITY = "Apple Development";
				CODE_SIGN_STYLE = Manual;
				CURRENT_PROJECT_VERSION = 1;
				DEVELOPMENT_TEAM = "";
				GENERATE_INFOPLIST_FILE = YES;
				INFOPLIST_FILE = Yoka/App/Info.plist;
				INFOPLIST_KEY_NSCameraUsageDescription = "Yoka requests camera access to let you take photos and videos for your profile and community posts. Camera access is only used when you choose to capture content, and your media will not be shared without your confirmation.";
				INFOPLIST_KEY_NSMicrophoneUsageDescription = "Yoka requests microphone access to support voice messages and audio interactions within the app. Audio recording is only activated when you choose to use voice features. We will not record or share your audio without your permission.";
				INFOPLIST_KEY_NSPhotoLibraryUsageDescription = "Yoka requests photo library access to let you select photos and videos from your device for profile updates and content sharing. Only the media you choose will be accessed and used for your selected actions.";
				INFOPLIST_KEY_UIApplicationSupportsIndirectInputEvents = YES;
				INFOPLIST_KEY_UILaunchStoryboardName = LaunchScreen;
				INFOPLIST_KEY_UIMainStoryboardFile = Main;
				INFOPLIST_KEY_UISupportedInterfaceOrientations = UIInterfaceOrientationPortrait;
				INFOPLIST_KEY_UISupportedInterfaceOrientations_iPad = "UIInterfaceOrientationLandscapeLeft UIInterfaceOrientationLandscapeRight UIInterfaceOrientationPortrait UIInterfaceOrientationPortraitUpsideDown";
				IPHONEOS_DEPLOYMENT_TARGET = 15;
				LD_RUNPATH_SEARCH_PATHS = (
					"$(inherited)",
					"@executable_path/Frameworks",
				);
				MARKETING_VERSION = 1.1;
				PRODUCT_BUNDLE_IDENTIFIER = com.rejuvenation.yoka;
				PRODUCT_NAME = "$(TARGET_NAME)";
				PROVISIONING_PROFILE_SPECIFIER = "";
				STRING_CATALOG_GENERATE_SYMBOLS = YES;
				SUPPORTED_PLATFORMS = "iphoneos iphonesimulator";
				SUPPORTS_MACCATALYST = NO;
				SUPPORTS_MAC_DESIGNED_FOR_IPHONE_IPAD = NO;
				SUPPORTS_XR_DESIGNED_FOR_IPHONE_IPAD = NO;
				SWIFT_EMIT_LOC_STRINGS = YES;
				SWIFT_OPTIMIZATION_LEVEL = "-Onone";
				SWIFT_VERSION = 6.0;
				TARGETED_DEVICE_FAMILY = 1;
			};
			name = Debug;
		};
		1788913E3000847300C8CAD1 /* Release */ = {
			isa = XCBuildConfiguration;
			baseConfigurationReference = 17E108C6301C2F8B00F1454B /* YKHostedContentRelease.xcconfig */;
			buildSettings = {
				ASSETCATALOG_COMPILER_APPICON_NAME = AppIcon;
				ASSETCATALOG_COMPILER_GLOBAL_ACCENT_COLOR_NAME = AccentColor;
				CLANG_ENABLE_MODULES = YES;
				CODE_SIGN_ENTITLEMENTS = Yoka/App/Yoka.entitlements;
				CODE_SIGN_IDENTITY = "Apple Development";
				CODE_SIGN_STYLE = Manual;
				CURRENT_PROJECT_VERSION = 1;
				DEVELOPMENT_TEAM = "";
				GENERATE_INFOPLIST_FILE = YES;
				INFOPLIST_FILE = Yoka/App/Info.plist;
				INFOPLIST_KEY_NSCameraUsageDescription = "Yoka requests camera access to let you take photos and videos for your profile and community posts. Camera access is only used when you choose to capture content, and your media will not be shared without your confirmation.";
				INFOPLIST_KEY_NSMicrophoneUsageDescription = "Yoka requests microphone access to support voice messages and audio interactions within the app. Audio recording is only activated when you choose to use voice features. We will not record or share your audio without your permission.";
				INFOPLIST_KEY_NSPhotoLibraryUsageDescription = "Yoka requests photo library access to let you select photos and videos from your device for profile updates and content sharing. Only the media you choose will be accessed and used for your selected actions.";
				INFOPLIST_KEY_UIApplicationSupportsIndirectInputEvents = YES;
				INFOPLIST_KEY_UILaunchStoryboardName = LaunchScreen;
				INFOPLIST_KEY_UIMainStoryboardFile = Main;
				INFOPLIST_KEY_UISupportedInterfaceOrientations = UIInterfaceOrientationPortrait;
				INFOPLIST_KEY_UISupportedInterfaceOrientations_iPad = "UIInterfaceOrientationLandscapeLeft UIInterfaceOrientationLandscapeRight UIInterfaceOrientationPortrait UIInterfaceOrientationPortraitUpsideDown";
				IPHONEOS_DEPLOYMENT_TARGET = 15;
				LD_RUNPATH_SEARCH_PATHS = (
					"$(inherited)",
					"@executable_path/Frameworks",
				);
				MARKETING_VERSION = 1.1;
				PRODUCT_BUNDLE_IDENTIFIER = com.rejuvenation.yoka;
				PRODUCT_NAME = "$(TARGET_NAME)";
				PROVISIONING_PROFILE_SPECIFIER = "";
				STRING_CATALOG_GENERATE_SYMBOLS = YES;
				SUPPORTED_PLATFORMS = "iphoneos iphonesimulator";
				SUPPORTS_MACCATALYST = NO;
				SUPPORTS_MAC_DESIGNED_FOR_IPHONE_IPAD = NO;
				SUPPORTS_XR_DESIGNED_FOR_IPHONE_IPAD = NO;
				SWIFT_EMIT_LOC_STRINGS = YES;
				SWIFT_VERSION = 6.0;
				TARGETED_DEVICE_FAMILY = 1;
			};
			name = Release;
		};
		1788913F3000847300C8CAD1 /* Debug */ = {
			isa = XCBuildConfiguration;
			buildSettings = {
				ALWAYS_SEARCH_USER_PATHS = NO;
				ASSETCATALOG_COMPILER_GENERATE_SWIFT_ASSET_SYMBOL_EXTENSIONS = YES;
				CLANG_ANALYZER_NONNULL = YES;
				CLANG_ANALYZER_NUMBER_OBJECT_CONVERSION = YES_AGGRESSIVE;
				CLANG_CXX_LANGUAGE_STANDARD = "gnu++20";
				CLANG_ENABLE_MODULES = YES;
				CLANG_ENABLE_OBJC_ARC = YES;
				CLANG_ENABLE_OBJC_WEAK = YES;
				CLANG_WARN_BLOCK_CAPTURE_AUTORELEASING = YES;
				CLANG_WARN_BOOL_CONVERSION = YES;
				CLANG_WARN_COMMA = YES;
				CLANG_WARN_CONSTANT_CONVERSION = YES;
				CLANG_WARN_DEPRECATED_OBJC_IMPLEMENTATIONS = YES;
				CLANG_WARN_DIRECT_OBJC_ISA_USAGE = YES_ERROR;
				CLANG_WARN_DOCUMENTATION_COMMENTS = YES;
				CLANG_WARN_EMPTY_BODY = YES;
				CLANG_WARN_ENUM_CONVERSION = YES;
				CLANG_WARN_INFINITE_RECURSION = YES;
				CLANG_WARN_INT_CONVERSION = YES;
				CLANG_WARN_NON_LITERAL_NULL_CONVERSION = YES;
				CLANG_WARN_OBJC_IMPLICIT_RETAIN_SELF = YES;
				CLANG_WARN_OBJC_LITERAL_CONVERSION = YES;
				CLANG_WARN_OBJC_ROOT_CLASS = YES_ERROR;
				CLANG_WARN_QUOTED_INCLUDE_IN_FRAMEWORK_HEADER = YES;
				CLANG_WARN_RANGE_LOOP_ANALYSIS = YES;
				CLANG_WARN_STRICT_PROTOTYPES = YES;
				CLANG_WARN_SUSPICIOUS_MOVE = YES;
				CLANG_WARN_UNGUARDED_AVAILABILITY = YES_AGGRESSIVE;
				CLANG_WARN_UNREACHABLE_CODE = YES;
				CLANG_WARN__DUPLICATE_METHOD_MATCH = YES;
				COPY_PHASE_STRIP = NO;
				DEBUG_INFORMATION_FORMAT = dwarf;
				ENABLE_STRICT_OBJC_MSGSEND = YES;
				ENABLE_TESTABILITY = YES;
				ENABLE_USER_SCRIPT_SANDBOXING = YES;
				GCC_C_LANGUAGE_STANDARD = gnu17;
				GCC_DYNAMIC_NO_PIC = NO;
				GCC_NO_COMMON_BLOCKS = YES;
				GCC_OPTIMIZATION_LEVEL = 0;
				GCC_PREPROCESSOR_DEFINITIONS = (
					"DEBUG=1",
					"$(inherited)",
				);
				GCC_WARN_64_TO_32_BIT_CONVERSION = YES;
				GCC_WARN_ABOUT_RETURN_TYPE = YES_ERROR;
				GCC_WARN_UNDECLARED_SELECTOR = YES;
				GCC_WARN_UNINITIALIZED_AUTOS = YES_AGGRESSIVE;
				GCC_WARN_UNUSED_FUNCTION = YES;
				GCC_WARN_UNUSED_VARIABLE = YES;
				IPHONEOS_DEPLOYMENT_TARGET = 26.5;
				LOCALIZATION_PREFERS_STRING_CATALOGS = YES;
				MTL_ENABLE_DEBUG_INFO = INCLUDE_SOURCE;
				MTL_FAST_MATH = YES;
				ONLY_ACTIVE_ARCH = YES;
				SDKROOT = iphoneos;
			};
			name = Debug;
		};
		178891403000847300C8CAD1 /* Release */ = {
			isa = XCBuildConfiguration;
			buildSettings = {
				ALWAYS_SEARCH_USER_PATHS = NO;
				ASSETCATALOG_COMPILER_GENERATE_SWIFT_ASSET_SYMBOL_EXTENSIONS = YES;
				CLANG_ANALYZER_NONNULL = YES;
				CLANG_ANALYZER_NUMBER_OBJECT_CONVERSION = YES_AGGRESSIVE;
				CLANG_CXX_LANGUAGE_STANDARD = "gnu++20";
				CLANG_ENABLE_MODULES = YES;
				CLANG_ENABLE_OBJC_ARC = YES;
				CLANG_ENABLE_OBJC_WEAK = YES;
				CLANG_WARN_BLOCK_CAPTURE_AUTORELEASING = YES;
				CLANG_WARN_BOOL_CONVERSION = YES;
				CLANG_WARN_COMMA = YES;
				CLANG_WARN_CONSTANT_CONVERSION = YES;
				CLANG_WARN_DEPRECATED_OBJC_IMPLEMENTATIONS = YES;
				CLANG_WARN_DIRECT_OBJC_ISA_USAGE = YES_ERROR;
				CLANG_WARN_DOCUMENTATION_COMMENTS = YES;
				CLANG_WARN_EMPTY_BODY = YES;
				CLANG_WARN_ENUM_CONVERSION = YES;
				CLANG_WARN_INFINITE_RECURSION = YES;
				CLANG_WARN_INT_CONVERSION = YES;
				CLANG_WARN_NON_LITERAL_NULL_CONVERSION = YES;
				CLANG_WARN_OBJC_IMPLICIT_RETAIN_SELF = YES;
				CLANG_WARN_OBJC_LITERAL_CONVERSION = YES;
				CLANG_WARN_OBJC_ROOT_CLASS = YES_ERROR;
				CLANG_WARN_QUOTED_INCLUDE_IN_FRAMEWORK_HEADER = YES;
				CLANG_WARN_RANGE_LOOP_ANALYSIS = YES;
				CLANG_WARN_STRICT_PROTOTYPES = YES;
				CLANG_WARN_SUSPICIOUS_MOVE = YES;
				CLANG_WARN_UNGUARDED_AVAILABILITY = YES_AGGRESSIVE;
				CLANG_WARN_UNREACHABLE_CODE = YES;
				CLANG_WARN__DUPLICATE_METHOD_MATCH = YES;
				COPY_PHASE_STRIP = NO;
				DEBUG_INFORMATION_FORMAT = "dwarf-with-dsym";
				ENABLE_NS_ASSERTIONS = NO;
				ENABLE_STRICT_OBJC_MSGSEND = YES;
				ENABLE_USER_SCRIPT_SANDBOXING = YES;
				GCC_C_LANGUAGE_STANDARD = gnu17;
				GCC_NO_COMMON_BLOCKS = YES;
				GCC_WARN_64_TO_32_BIT_CONVERSION = YES;
				GCC_WARN_ABOUT_RETURN_TYPE = YES_ERROR;
				GCC_WARN_UNDECLARED_SELECTOR = YES;
				GCC_WARN_UNINITIALIZED_AUTOS = YES_AGGRESSIVE;
				GCC_WARN_UNUSED_FUNCTION = YES;
				GCC_WARN_UNUSED_VARIABLE = YES;
				IPHONEOS_DEPLOYMENT_TARGET = 26.5;
				LOCALIZATION_PREFERS_STRING_CATALOGS = YES;
				MTL_ENABLE_DEBUG_INFO = NO;
				MTL_FAST_MATH = YES;
				SDKROOT = iphoneos;
				VALIDATE_PRODUCT = YES;
			};
			name = Release;
		};
/* End XCBuildConfiguration section */

/* Begin XCConfigurationList section */
		1788911F3000847100C8CAD1 /* Build configuration list for PBXProject "Yoka" */ = {
			isa = XCConfigurationList;
			buildConfigurations = (
				1788913F3000847300C8CAD1 /* Debug */,
				178891403000847300C8CAD1 /* Release */,
			);
			defaultConfigurationIsVisible = 0;
			defaultConfigurationName = Release;
		};
		1788913C3000847300C8CAD1 /* Build configuration list for PBXNativeTarget "Yoka" */ = {
			isa = XCConfigurationList;
			buildConfigurations = (
				1788913D3000847300C8CAD1 /* Debug */,
				1788913E3000847300C8CAD1 /* Release */,
			);
			defaultConfigurationIsVisible = 0;
			defaultConfigurationName = Release;
		};
/* End XCConfigurationList section */
	};
	rootObject = 1788911C3000847100C8CAD1 /* Project object */;
}
